
Microsoft Visual Studio Solution File, Format Version 12.00
# Visual Studio Version 16
VisualStudioVersion = 16.0.30804.86
MinimumVisualStudioVersion = 10.0.40219.1
Project("{2150E333-8FDC-42A3-9474-1A3956D46DE8}") = "Api", "Api", "{6F71C4FA-327F-494E-A3CF-D426261B533B}"
EndProject
Project("{9A19103F-16F7-4668-BE54-9A1E7A4F7556}") = "TodoApp.Api", "TodoApp.Api\TodoApp.Api.csproj", "{BAA4A9D0-ACEE-4CD0-B221-45614AADA8AB}"
EndProject
Project("{2150E333-8FDC-42A3-9474-1A3956D46DE8}") = "Infrastructure", "Infrastructure", "{9DE0E423-55C7-4EA8-AE88-815EA8CD770E}"
EndProject
Project("{9A19103F-16F7-4668-BE54-9A1E7A4F7556}") = "TodoApp.Infrastructure", "TodoApp.Infrastructure\TodoApp.Infrastructure.csproj", "{C44D3810-9631-46A1-91DE-F8D7654C9B74}"
EndProject
Project("{2150E333-8FDC-42A3-9474-1A3956D46DE8}") = "Console", "Console", "{9BF4874A-A16B-4DA5-B178-F4F500E32F90}"
EndProject
Project("{9A19103F-16F7-4668-BE54-9A1E7A4F7556}") = "TodoApp.Console", "TodoApp.Console\TodoApp.Console.csproj", "{ED9856EB-EBC2-43CB-9662-16C07E1ED52E}"
EndProject
Global
	GlobalSection(SolutionConfigurationPlatforms) = preSolution
		Debug|Any CPU = Debug|Any CPU
		Release|Any CPU = Release|Any CPU
	EndGlobalSection
	GlobalSection(ProjectConfigurationPlatforms) = postSolution
		{BAA4A9D0-ACEE-4CD0-B221-45614AADA8AB}.Debug|Any CPU.ActiveCfg = Debug|Any CPU
		{BAA4A9D0-ACEE-4CD0-B221-45614AADA8AB}.Debug|Any CPU.Build.0 = Debug|Any CPU
		{BAA4A9D0-ACEE-4CD0-B221-45614AADA8AB}.Release|Any CPU.ActiveCfg = Release|Any CPU
		{BAA4A9D0-ACEE-4CD0-B221-45614AADA8AB}.Release|Any CPU.Build.0 = Release|Any CPU
		{C44D3810-9631-46A1-91DE-F8D7654C9B74}.Debug|Any CPU.ActiveCfg = Debug|Any CPU
		{C44D3810-9631-46A1-91DE-F8D7654C9B74}.Debug|Any CPU.Build.0 = Debug|Any CPU
		{C44D3810-9631-46A1-91DE-F8D7654C9B74}.Release|Any CPU.ActiveCfg = Release|Any CPU
		{C44D3810-9631-46A1-91DE-F8D7654C9B74}.Release|Any CPU.Build.0 = Release|Any CPU
		{ED9856EB-EBC2-43CB-9662-16C07E1ED52E}.Debug|Any CPU.ActiveCfg = Debug|Any CPU
		{ED9856EB-EBC2-43CB-9662-16C07E1ED52E}.Debug|Any CPU.Build.0 = Debug|Any CPU
		{ED9856EB-EBC2-43CB-9662-16C07E1ED52E}.Release|Any CPU.ActiveCfg = Release|Any CPU
		{ED9856EB-EBC2-43CB-9662-16C07E1ED52E}.Release|Any CPU.Build.0 = Release|Any CPU
	EndGlobalSection
	GlobalSection(SolutionProperties) = preSolution
		HideSolutionNode = FALSE
	EndGlobalSection
	GlobalSection(NestedProjects) = preSolution
		{BAA4A9D0-ACEE-4CD0-B221-45614AADA8AB} = {6F71C4FA-327F-494E-A3CF-D426261B533B}
		{C44D3810-9631-46A1-91DE-F8D7654C9B74} = {9DE0E423-55C7-4EA8-AE88-815EA8CD770E}
		{ED9856EB-EBC2-43CB-9662-16C07E1ED52E} = {9BF4874A-A16B-4DA5-B178-F4F500E32F90}
	EndGlobalSection
	GlobalSection(ExtensibilityGlobals) = postSolution
		SolutionGuid = {9328468D-AA1C-4FAB-9F55-40B4B1310654}
	EndGlobalSection
EndGlobal
